// !$*UTF8*$!
{
	archiveVersion = 1;
	classes = {
	};
	objectVersion = 56;
	objects = {

/* Begin PBXBuildFile section */
		96C070272B30BAD7009E688D /* WatchView.swift in Sources */ = {isa = PBXBuildFile; fileRef = 96C070262B30BAD7009E688D /* WatchView.swift */; };
		96C070292B30BF44009E688D /* handWithCircle.swift in Sources */ = {isa = PBXBuildFile; fileRef = 96C070282B30BF44009E688D /* handWithCircle.swift */; };
		96C0702B2B30D182009E688D /* Ticks.swift in Sources */ = {isa = PBXBuildFile; fileRef = 96C0702A2B30D182009E688D /* Ticks.swift */; };
		96CC22482BEA6E85007D0D87 /* Stop_Watch_Timer.swift in Sources */ = {isa = PBXBuildFile; fileRef = 96CC22472BEA6E85007D0D87 /* Stop_Watch_Timer.swift */; };
		96D576402B2CED10007A40FB /* StopWatch_Clock_POCApp.swift in Sources */ = {isa = PBXBuildFile; fileRef = 96D5763F2B2CED10007A40FB /* StopWatch_Clock_POCApp.swift */; };
		96D576422B2CED10007A40FB /* ContentView.swift in Sources */ = {isa = PBXBuildFile; fileRef = 96D576412B2CED10007A40FB /* ContentView.swift */; };
		96D576442B2CED12007A40FB /* Assets.xcassets in Resources */ = {isa = PBXBuildFile; fileRef = 96D576432B2CED12007A40FB /* Assets.xcassets */; };
		96D576472B2CED12007A40FB /* Preview Assets.xcassets in Resources */ = {isa = PBXBuildFile; fileRef = 96D576462B2CED12007A40FB /* Preview Assets.xcassets */; };
/* End PBXBuildFile section */

/* Begin PBXFileReference section */
		96C070262B30BAD7009E688D /* WatchView.swift */ = {isa = PBXFileReference; lastKnownFileType = sourcecode.swift; path = WatchView.swift; sourceTree = "<group>"; };
		96C070282B30BF44009E688D /* handWithCircle.swift */ = {isa = PBXFileReference; lastKnownFileType = sourcecode.swift; path = handWithCircle.swift; sourceTree = "<group>"; };
		96C0702A2B30D182009E688D /* Ticks.swift */ = {isa = PBXFileReference; lastKnownFileType = sourcecode.swift; path = Ticks.swift; sourceTree = "<group>"; };
		96CC22472BEA6E85007D0D87 /* Stop_Watch_Timer.swift */ = {isa = PBXFileReference; lastKnownFileType = sourcecode.swift; path = Stop_Watch_Timer.swift; sourceTree = "<group>"; };
		96D5763C2B2CED10007A40FB /* StopWatch-Clock-POC.app */ = {isa = PBXFileReference; explicitFileType = wrapper.application; includeInIndex = 0; path = "StopWatch-Clock-POC.app"; sourceTree = BUILT_PRODUCTS_DIR; };
		96D5763F2B2CED10007A40FB /* StopWatch_Clock_POCApp.swift */ = {isa = PBXFileReference; lastKnownFileType = sourcecode.swift; path = StopWatch_Clock_POCApp.swift; sourceTree = "<group>"; };
		96D576412B2CED10007A40FB /* ContentView.swift */ = {isa = PBXFileReference; lastKnownFileType = sourcecode.swift; path = ContentView.swift; sourceTree = "<group>"; };
		96D576432B2CED12007A40FB /* Assets.xcassets */ = {isa = PBXFileReference; lastKnownFileType = folder.assetcatalog; path = Assets.xcassets; sourceTree = "<group>"; };
		96D576462B2CED12007A40FB /* Preview Assets.xcassets */ = {isa = PBXFileReference; lastKnownFileType = folder.assetcatalog; path = "Preview Assets.xcassets"; sourceTree = "<group>"; };
/* End PBXFileReference section */

/* Begin PBXFrameworksBuildPhase section */
		96D576392B2CED10007A40FB /* Frameworks */ = {
			isa = PBXFrameworksBuildPhase;
			buildActionMask = 2147483647;
			files = (
			);
			runOnlyForDeploymentPostprocessing = 0;
		};
/* End PBXFrameworksBuildPhase section */

/* Begin PBXGroup section */
		96D576332B2CED10007A40FB = {
			isa = PBXGroup;
			children = (
				96D5763E2B2CED10007A40FB /* StopWatch-Clock-POC */,
				96D5763D2B2CED10007A40FB /* Products */,
			);
			sourceTree = "<group>";
		};
		96D5763D2B2CED10007A40FB /* Products */ = {
			isa = PBXGroup;
			children = (
				96D5763C2B2CED10007A40FB /* StopWatch-Clock-POC.app */,
			);
			name = Products;
			sourceTree = "<group>";
		};
		96D5763E2B2CED10007A40FB /* StopWatch-Clock-POC */ = {
			isa = PBXGroup;
			children = (
				96C070262B30BAD7009E688D /* WatchView.swift */,
				96D5763F2B2CED10007A40FB /* StopWatch_Clock_POCApp.swift */,
				96D576412B2CED10007A40FB /* ContentView.swift */,
				96CC22472BEA6E85007D0D87 /* Stop_Watch_Timer.swift */,
				96C0702A2B30D182009E688D /* Ticks.swift */,
				96C070282B30BF44009E688D /* handWithCircle.swift */,
				96D576432B2CED12007A40FB /* Assets.xcassets */,
				96D576452B2CED12007A40FB /* Preview Content */,
			);
			path = "StopWatch-Clock-POC";
			sourceTree = "<group>";
		};
		96D576452B2CED12007A40FB /* Preview Content */ = {
			isa = PBXGroup;
			children = (
				96D576462B2CED12007A40FB /* Preview Assets.xcassets */,
			);
			path = "Preview Content";
			sourceTree = "<group>";
		};
/* End PBXGroup section */

/* Begin PBXNativeTarget section */
		96D5763B2B2CED10007A40FB /* StopWatch-Clock-POC */ = {
			isa = PBXNativeTarget;
			buildConfigurationList = 96D5764A2B2CED12007A40FB /* Build configuration list for PBXNativeTarget "StopWatch-Clock-POC" */;
			buildPhases = (
				96D576382B2CED10007A40FB /* Sources */,
				96D576392B2CED10007A40FB /* Frameworks */,
				96D5763A2B2CED10007A40FB /* Resources */,
			);
			buildRules = (
			);
			dependencies = (
			);
			name = "StopWatch-Clock-POC";
			productName = "StopWatch-Clock-POC";
			productReference = 96D5763C2B2CED10007A40FB /* StopWatch-Clock-POC.app */;
			productType = "com.apple.product-type.application";
		};
/* End PBXNativeTarget section */

/* Begin PBXProject section */
		96D576342B2CED10007A40FB /* Project object */ = {
			isa = PBXProject;
			attributes = {
				BuildIndependentTargetsInParallel = 1;
				LastSwiftUpdateCheck = 1510;
				LastUpgradeCheck = 1510;
				TargetAttributes = {
					96D5763B2B2CED10007A40FB = {
						CreatedOnToolsVersion = 15.1;
					};
				};
			};
			buildConfigurationList = 96D576372B2CED10007A40FB /* Build configuration list for PBXProject "StopWatch-Clock-POC" */;
			compatibilityVersion = "Xcode 14.0";
			developmentRegion = en;
			hasScannedForEncodings = 0;
			knownRegions = (
				en,
				Base,
			);
			mainGroup = 96D576332B2CED10007A40FB;
			productRefGroup = 96D5763D2B2CED10007A40FB /* Products */;
			projectDirPath = "";
			projectRoot = "";
			targets = (
				96D5763B2B2CED10007A40FB /* StopWatch-Clock-POC */,
			);
		};
/* End PBXProject section */

/* Begin PBXResourcesBuildPhase section */
		96D5763A2B2CED10007A40FB /* Resources */ = {
			isa = PBXResourcesBuildPhase;
			buildActionMask = 2147483647;
			files = (
				96D576472B2CED12007A40FB /* Preview Assets.xcassets in Resources */,
				96D576442B2CED12007A40FB /* Assets.xcassets in Resources */,
			);
			runOnlyForDeploymentPostprocessing = 0;
		};
/* End PBXResourcesBuildPhase section */

/* Begin PBXSourcesBuildPhase section */
		96D576382B2CED10007A40FB /* Sources */ = {
			isa = PBXSourcesBuildPhase;
			buildActionMask = 2147483647;
			files = (
				96C0702B2B30D182009E688D /* Ticks.swift in Sources */,
				96C070292B30BF44009E688D /* handWithCircle.swift in Sources */,
				96D576422B2CED10007A40FB /* ContentView.swift in Sources */,
				96D576402B2CED10007A40FB /* StopWatch_Clock_POCApp.swift in Sources */,
				96C070272B30BAD7009E688D /* WatchView.swift in Sources */,
				96CC22482BEA6E85007D0D87 /* Stop_Watch_Timer.swift in Sources */,
			);
			runOnlyForDeploymentPostprocessing = 0;
		};
/* End PBXSourcesBuildPhase section */

/* Begin XCBuildConfiguration section */
		96D576482B2CED12007A40FB /* Debug */ = {
			isa = XCBuildConfiguration;
			buildSettings = {
				ALWAYS_SEARCH_USER_PATHS = NO;
				ASSETCATALOG_COMPILER_GENERATE_SWIFT_ASSET_SYMBOL_EXTENSIONS = YES;
				CLANG_ANALYZER_NONNULL = YES;
				CLANG_ANALYZER_NUMBER_OBJECT_CONVERSION = YES_AGGRESSIVE;
				CLANG_CXX_LANGUAGE_STANDARD = "gnu++20";
				CLANG_ENABLE_MODULES = YES;
				CLANG_ENABLE_OBJC_ARC = YES;
				CLANG_ENABLE_OBJC_WEAK = YES;
				CLANG_WARN_BLOCK_CAPTURE_AUTORELEASING = YES;
				CLANG_WARN_BOOL_CONVERSION = YES;
				CLANG_WARN_COMMA = YES;
				CLANG_WARN_CONSTANT_CONVERSION = YES;
				CLANG_WARN_DEPRECATED_OBJC_IMPLEMENTATIONS = YES;
				CLANG_WARN_DIRECT_OBJC_ISA_USAGE = YES_ERROR;
				CLANG_WARN_DOCUMENTATION_COMMENTS = YES;
				CLANG_WARN_EMPTY_BODY = YES;
				CLANG_WARN_ENUM_CONVERSION = YES;
				CLANG_WARN_INFINITE_RECURSION = YES;
				CLANG_WARN_INT_CONVERSION = YES;
				CLANG_WARN_NON_LITERAL_NULL_CONVERSION = YES;
				CLANG_WARN_OBJC_IMPLICIT_RETAIN_SELF = YES;
				CLANG_WARN_OBJC_LITERAL_CONVERSION = YES;
				CLANG_WARN_OBJC_ROOT_CLASS = YES_ERROR;
				CLANG_WARN_QUOTED_INCLUDE_IN_FRAMEWORK_HEADER = YES;
				CLANG_WARN_RANGE_LOOP_ANALYSIS = YES;
				CLANG_WARN_STRICT_PROTOTYPES = YES;
				CLANG_WARN_SUSPICIOUS_MOVE = YES;
				CLANG_WARN_UNGUARDED_AVAILABILITY = YES_AGGRESSIVE;
				CLANG_WARN_UNREACHABLE_CODE = YES;
				CLANG_WARN__DUPLICATE_METHOD_MATCH = YES;
				COPY_PHASE_STRIP = NO;
				DEBUG_INFORMATION_FORMAT = dwarf;
				ENABLE_STRICT_OBJC_MSGSEND = YES;
				ENABLE_TESTABILITY = YES;
				ENABLE_USER_SCRIPT_SANDBOXING = YES;
				GCC_C_LANGUAGE_STANDARD = gnu17;
				GCC_DYNAMIC_NO_PIC = NO;
				GCC_NO_COMMON_BLOCKS = YES;
				GCC_OPTIMIZATION_LEVEL = 0;
				GCC_PREPROCESSOR_DEFINITIONS = (
					"DEBUG=1",
					"$(inherited)",
				);
				GCC_WARN_64_TO_32_BIT_CONVERSION = YES;
				GCC_WARN_ABOUT_RETURN_TYPE = YES_ERROR;
				GCC_WARN_UNDECLARED_SELECTOR = YES;
				GCC_WARN_UNINITIALIZED_AUTOS = YES_AGGRESSIVE;
				GCC_WARN_UNUSED_FUNCTION = YES;
				GCC_WARN_UNUSED_VARIABLE = YES;
				IPHONEOS_DEPLOYMENT_TARGET = 17.2;
				LOCALIZATION_PREFERS_STRING_CATALOGS = YES;
				MTL_ENABLE_DEBUG_INFO = INCLUDE_SOURCE;
				MTL_FAST_MATH = YES;
				ONLY_ACTIVE_ARCH = YES;
				SDKROOT = iphoneos;
				SWIFT_ACTIVE_COMPILATION_CONDITIONS = "DEBUG $(inherited)";
				SWIFT_OPTIMIZATION_LEVEL = "-Onone";
			};
			name = Debug;
		};
		96D576492B2CED12007A40FB /* Release */ = {
			isa = XCBuildConfiguration;
			buildSettings = {
				ALWAYS_SEARCH_USER_PATHS = NO;
				ASSETCATALOG_COMPILER_GENERATE_SWIFT_ASSET_SYMBOL_EXTENSIONS = YES;
				CLANG_ANALYZER_NONNULL = YES;
				CLANG_ANALYZER_NUMBER_OBJECT_CONVERSION = YES_AGGRESSIVE;
				CLANG_CXX_LANGUAGE_STANDARD = "gnu++20";
				CLANG_ENABLE_MODULES = YES;
				CLANG_ENABLE_OBJC_ARC = YES;
				CLANG_ENABLE_OBJC_WEAK = YES;
				CLANG_WARN_BLOCK_CAPTURE_AUTORELEASING = YES;
				CLANG_WARN_BOOL_CONVERSION = YES;
				CLANG_WARN_COMMA = YES;
				CLANG_WARN_CONSTANT_CONVERSION = YES;
				CLANG_WARN_DEPRECATED_OBJC_IMPLEMENTATIONS = YES;
				CLANG_WARN_DIRECT_OBJC_ISA_USAGE = YES_ERROR;
				CLANG_WARN_DOCUMENTATION_COMMENTS = YES;
				CLANG_WARN_EMPTY_BODY = YES;
				CLANG_WARN_ENUM_CONVERSION = YES;
				CLANG_WARN_INFINITE_RECURSION = YES;
				CLANG_WARN_INT_CONVERSION = YES;
				CLANG_WARN_NON_LITERAL_NULL_CONVERSION = YES;
				CLANG_WARN_OBJC_IMPLICIT_RETAIN_SELF = YES;
				CLANG_WARN_OBJC_LITERAL_CONVERSION = YES;
				CLANG_WARN_OBJC_ROOT_CLASS = YES_ERROR;
				CLANG_WARN_QUOTED_INCLUDE_IN_FRAMEWORK_HEADER = YES;
				CLANG_WARN_RANGE_LOOP_ANALYSIS = YES;
				CLANG_WARN_STRICT_PROTOTYPES = YES;
				CLANG_WARN_SUSPICIOUS_MOVE = YES;
				CLANG_WARN_UNGUARDED_AVAILABILITY = YES_AGGRESSIVE;
				CLANG_WARN_UNREACHABLE_CODE = YES;
				CLANG_WARN__DUPLICATE_METHOD_MATCH = YES;
				COPY_PHASE_STRIP = NO;
				DEBUG_INFORMATION_FORMAT = "dwarf-with-dsym";
				ENABLE_NS_ASSERTIONS = NO;
				ENABLE_STRICT_OBJC_MSGSEND = YES;
				ENABLE_USER_SCRIPT_SANDBOXING = YES;
				GCC_C_LANGUAGE_STANDARD = gnu17;
				GCC_NO_COMMON_BLOCKS = YES;
				GCC_WARN_64_TO_32_BIT_CONVERSION = YES;
				GCC_WARN_ABOUT_RETURN_TYPE = YES_ERROR;
				GCC_WARN_UNDECLARED_SELECTOR = YES;
				GCC_WARN_UNINITIALIZED_AUTOS = YES_AGGRESSIVE;
				GCC_WARN_UNUSED_FUNCTION = YES;
				GCC_WARN_UNUSED_VARIABLE = YES;
				IPHONEOS_DEPLOYMENT_TARGET = 17.2;
				LOCALIZATION_PREFERS_STRING_CATALOGS = YES;
				MTL_ENABLE_DEBUG_INFO = NO;
				MTL_FAST_MATH = YES;
				SDKROOT = iphoneos;
				SWIFT_COMPILATION_MODE = wholemodule;
				VALIDATE_PRODUCT = YES;
			};
			name = Release;
		};
		96D5764B2B2CED12007A40FB /* Debug */ = {
			isa = XCBuildConfiguration;
			buildSettings = {
				ASSETCATALOG_COMPILER_APPICON_NAME = AppIcon;
				ASSETCATALOG_COMPILER_GLOBAL_ACCENT_COLOR_NAME = AccentColor;
				CODE_SIGN_STYLE = Automatic;
				CURRENT_PROJECT_VERSION = 1;
				DEVELOPMENT_ASSET_PATHS = "\"StopWatch-Clock-POC/Preview Content\"";
				ENABLE_PREVIEWS = YES;
				GENERATE_INFOPLIST_FILE = YES;
				INFOPLIST_KEY_UIApplicationSceneManifest_Generation = YES;
				INFOPLIST_KEY_UIApplicationSupportsIndirectInputEvents = YES;
				INFOPLIST_KEY_UILaunchScreen_Generation = YES;
				INFOPLIST_KEY_UISupportedInterfaceOrientations_iPad = "UIInterfaceOrientationPortrait UIInterfaceOrientationPortraitUpsideDown UIInterfaceOrientationLandscapeLeft UIInterfaceOrientationLandscapeRight";
				INFOPLIST_KEY_UISupportedInterfaceOrientations_iPhone = "UIInterfaceOrientationPortrait UIInterfaceOrientationLandscapeLeft UIInterfaceOrientationLandscapeRight";
				LD_RUNPATH_SEARCH_PATHS = (
					"$(inherited)",
					"@executable_path/Frameworks",
				);
				MARKETING_VERSION = 1.0;
				PRODUCT_BUNDLE_IDENTIFIER = "fb.StopWatch-Clock-POC";
				PRODUCT_NAME = "$(TARGET_NAME)";
				SWIFT_EMIT_LOC_STRINGS = YES;
				SWIFT_VERSION = 5.0;
				TARGETED_DEVICE_FAMILY = "1,2";
			};
			name = Debug;
		};
		96D5764C2B2CED12007A40FB /* Release */ = {
			isa = XCBuildConfiguration;
			buildSettings = {
				ASSETCATALOG_COMPILER_APPICON_NAME = AppIcon;
				ASSETCATALOG_COMPILER_GLOBAL_ACCENT_COLOR_NAME = AccentColor;
				CODE_SIGN_STYLE = Automatic;
				CURRENT_PROJECT_VERSION = 1;
				DEVELOPMENT_ASSET_PATHS = "\"StopWatch-Clock-POC/Preview Content\"";
				ENABLE_PREVIEWS = YES;
				GENERATE_INFOPLIST_FILE = YES;
				INFOPLIST_KEY_UIApplicationSceneManifest_Generation = YES;
				INFOPLIST_KEY_UIApplicationSupportsIndirectInputEvents = YES;
				INFOPLIST_KEY_UILaunchScreen_Generation = YES;
				INFOPLIST_KEY_UISupportedInterfaceOrientations_iPad = "UIInterfaceOrientationPortrait UIInterfaceOrientationPortraitUpsideDown UIInterfaceOrientationLandscapeLeft UIInterfaceOrientationLandscapeRight";
				INFOPLIST_KEY_UISupportedInterfaceOrientations_iPhone = "UIInterfaceOrientationPortrait UIInterfaceOrientationLandscapeLeft UIInterfaceOrientationLandscapeRight";
				LD_RUNPATH_SEARCH_PATHS = (
					"$(inherited)",
					"@executable_path/Frameworks",
				);
				MARKETING_VERSION = 1.0;
				PRODUCT_BUNDLE_IDENTIFIER = "fb.StopWatch-Clock-POC";
				PRODUCT_NAME = "$(TARGET_NAME)";
				SWIFT_EMIT_LOC_STRINGS = YES;
				SWIFT_VERSION = 5.0;
				TARGETED_DEVICE_FAMILY = "1,2";
			};
			name = Release;
		};
/* End XCBuildConfiguration section */

/* Begin XCConfigurationList section */
		96D576372B2CED10007A40FB /* Build configuration list for PBXProject "StopWatch-Clock-POC" */ = {
			isa = XCConfigurationList;
			buildConfigurations = (
				96D576482B2CED12007A40FB /* Debug */,
				96D576492B2CED12007A40FB /* Release */,
			);
			defaultConfigurationIsVisible = 0;
			defaultConfigurationName = Release;
		};
		96D5764A2B2CED12007A40FB /* Build configuration list for PBXNativeTarget "StopWatch-Clock-POC" */ = {
			isa = XCConfigurationList;
			buildConfigurations = (
				96D5764B2B2CED12007A40FB /* Debug */,
				96D5764C2B2CED12007A40FB /* Release */,
			);
			defaultConfigurationIsVisible = 0;
			defaultConfigurationName = Release;
		};
/* End XCConfigurationList section */
	};
	rootObject = 96D576342B2CED10007A40FB /* Project object */;
}
